{
  "name": "convert-to-audio",
  "version": "1.0.0",
  "lockfileVersion": 1,
  "requires": true,
  "dependencies": {
    "ffmpeg-static-electron": {
      "version": "2.0.1",
      "resolved": "https://registry.npmjs.org/ffmpeg-static-electron/-/ffmpeg-static-electron-2.0.1.tgz",
      "integrity": "sha512-tLOZJu2PJbDT7oMPhaAmmTZEZZms9R9D2FyhqsBrGlVhfqMi/ipuwNdogwk0+QEnDKaPhXwIgdnkd5Gn5tDXjw=="
    }
  }
}
